
Microsoft Visual Studio Solution File, Format Version 12.00
# Visual Studio Version 17
VisualStudioVersion = 17.0.32014.148
MinimumVisualStudioVersion = 10.0.40219.1
Project("{FAE04EC0-301F-11D3-BF4B-00C04F79EFBC}") = "dio-curso-arquivos-streams", "dio-curso-arquivos-streams.csproj", "{F35A6C22-BFAC-4881-B554-3AE3481F63E3}"
EndProject
Global
	GlobalSection(SolutionConfigurationPlatforms) = preSolution
		Debug|Any CPU = Debug|Any CPU
		Release|Any CPU = Release|Any CPU
	EndGlobalSection
	GlobalSection(ProjectConfigurationPlatforms) = postSolution
		{F35A6C22-BFAC-4881-B554-3AE3481F63E3}.Debug|Any CPU.ActiveCfg = Debug|Any CPU
		{F35A6C22-BFAC-4881-B554-3AE3481F63E3}.Debug|Any CPU.Build.0 = Debug|Any CPU
		{F35A6C22-BFAC-4881-B554-3AE3481F63E3}.Release|Any CPU.ActiveCfg = Release|Any CPU
		{F35A6C22-BFAC-4881-B554-3AE3481F63E3}.Release|Any CPU.Build.0 = Release|Any CPU
	EndGlobalSection
	GlobalSection(SolutionProperties) = preSolution
		HideSolutionNode = FALSE
	EndGlobalSection
	GlobalSection(ExtensibilityGlobals) = postSolution
		SolutionGuid = {4495B17B-8A71-4009-9700-5CE09A627BB0}
	EndGlobalSection
EndGlobal
